// !$*UTF8*$!
{
	archiveVersion = 1;
	classes = {
	};
	objectVersion = 42;
	objects = {

/* Begin PBXBuildFile section */
		002F39FA09D0881F00EBEB88 /* SDL.framework in Frameworks */ = {isa = PBXBuildFile; fileRef = 002F39F909D0881F00EBEB88 /* SDL.framework */; };
		002F3A0009D0884600EBEB88 /* SDL.framework in Copy Frameworks into .app bundle */ = {isa = PBXBuildFile; fileRef = 002F39F909D0881F00EBEB88 /* SDL.framework */; };
		8D11072B0486CEB800E47090 /* InfoPlist.strings in Resources */ = {isa = PBXBuildFile; fileRef = 089C165CFE840E0CC02AAC07 /* InfoPlist.strings */; };
		8D11072F0486CEB800E47090 /* Cocoa.framework in Frameworks */ = {isa = PBXBuildFile; fileRef = 1058C7A1FEA54F0111CA2CBB /* Cocoa.framework */; };
		BA858DB1110037B800FCC117 /* liblibtest.a in Frameworks */ = {isa = PBXBuildFile; fileRef = BA858DAC110037B800FCC117 /* liblibtest.a */; };
		BA858DB2110037B800FCC117 /* libpal_bullet.dylib in Frameworks */ = {isa = PBXBuildFile; fileRef = BA858DAD110037B800FCC117 /* libpal_bullet.dylib */; };
		BA858DB3110037B800FCC117 /* libpal_newton.dylib in Frameworks */ = {isa = PBXBuildFile; fileRef = BA858DAE110037B800FCC117 /* libpal_newton.dylib */; };
		BA858DB5110037B800FCC117 /* libpal.a in Frameworks */ = {isa = PBXBuildFile; fileRef = BA858DB0110037B800FCC117 /* libpal.a */; };
		BA858DED110039AB00FCC117 /* libIrrlicht.a in Frameworks */ = {isa = PBXBuildFile; fileRef = BA858DEC110039AB00FCC117 /* libIrrlicht.a */; };
		BA858DF3110039CF00FCC117 /* OpenGL.framework in Frameworks */ = {isa = PBXBuildFile; fileRef = BA858DF2110039CF00FCC117 /* OpenGL.framework */; };
		BA858ED111003B0400FCC117 /* Carbon.framework in Frameworks */ = {isa = PBXBuildFile; fileRef = BA858ED011003B0400FCC117 /* Carbon.framework */; };
		BA858FAA11003B5D00FCC117 /* IOKit.framework in Frameworks */ = {isa = PBXBuildFile; fileRef = BA858FA911003B5D00FCC117 /* IOKit.framework */; };
		BA85907511003CDF00FCC117 /* liblibtest.a in Copy Frameworks into .app bundle */ = {isa = PBXBuildFile; fileRef = BA858DAC110037B800FCC117 /* liblibtest.a */; };
		BA85907611003CDF00FCC117 /* libpal_bullet.dylib in Copy Frameworks into .app bundle */ = {isa = PBXBuildFile; fileRef = BA858DAD110037B800FCC117 /* libpal_bullet.dylib */; };
		BA85907711003CDF00FCC117 /* libpal_newton.dylib in Copy Frameworks into .app bundle */ = {isa = PBXBuildFile; fileRef = BA858DAE110037B800FCC117 /* libpal_newton.dylib */; };
		BA85907911003CDF00FCC117 /* libpal.a in Copy Frameworks into .app bundle */ = {isa = PBXBuildFile; fileRef = BA858DB0110037B800FCC117 /* libpal.a */; };
		BA859124110044CB00FCC117 /* Benchmark DemoBETA.png in Copy "media" into bundle */ = {isa = PBXBuildFile; fileRef = BACBD83610FDF87000F3D097 /* Benchmark DemoBETA.png */; };
		BA859125110044CB00FCC117 /* boxstack.png in Copy "media" into bundle */ = {isa = PBXBuildFile; fileRef = BACBD83710FDF87000F3D097 /* boxstack.png */; };
		BA859126110044CB00FCC117 /* bullet.3ds in Copy "media" into bundle */ = {isa = PBXBuildFile; fileRef = BACBD83810FDF87000F3D097 /* bullet.3ds */; };
		BA859127110044CB00FCC117 /* bullet_logo.png in Copy "media" into bundle */ = {isa = PBXBuildFile; fileRef = BACBD83910FDF87000F3D097 /* bullet_logo.png */; };
		BA859128110044CB00FCC117 /* capsule.3ds in Copy "media" into bundle */ = {isa = PBXBuildFile; fileRef = BACBD83A10FDF87000F3D097 /* capsule.3ds */; };
		BA859129110044CB00FCC117 /* collision100Hz.png in Copy "media" into bundle */ = {isa = PBXBuildFile; fileRef = BACBD83B10FDF87000F3D097 /* collision100Hz.png */; };
		BA85912A110044CB00FCC117 /* collision10hz.png in Copy "media" into bundle */ = {isa = PBXBuildFile; fileRef = BACBD83C10FDF87000F3D097 /* collision10hz.png */; };
		BA85912B110044CB00FCC117 /* constraint.png in Copy "media" into bundle */ = {isa = PBXBuildFile; fileRef = BACBD83D10FDF87000F3D097 /* constraint.png */; };
		BA85912C110044CB00FCC117 /* constrainterror.png in Copy "media" into bundle */ = {isa = PBXBuildFile; fileRef = BACBD83E10FDF87000F3D097 /* constrainterror.png */; };
		BA85912D110044CB00FCC117 /* constrainttime.png in Copy "media" into bundle */ = {isa = PBXBuildFile; fileRef = BACBD83F10FDF87000F3D097 /* constrainttime.png */; };
		BA85912E110044CB00FCC117 /* cube.3ds in Copy "media" into bundle */ = {isa = PBXBuildFile; fileRef = BACBD84010FDF87000F3D097 /* cube.3ds */; };
		BA85912F110044CB00FCC117 /* drop.png in Copy "media" into bundle */ = {isa = PBXBuildFile; fileRef = BACBD84110FDF87000F3D097 /* drop.png */; };
		BA859130110044CB00FCC117 /* ideal.3ds in Copy "media" into bundle */ = {isa = PBXBuildFile; fileRef = BACBD84210FDF87000F3D097 /* ideal.3ds */; };
		BA859131110044CB00FCC117 /* integratorerror.png in Copy "media" into bundle */ = {isa = PBXBuildFile; fileRef = BACBD84310FDF87000F3D097 /* integratorerror.png */; };
		BA859132110044CB00FCC117 /* io_bk.jpg in Copy "media" into bundle */ = {isa = PBXBuildFile; fileRef = BACBD84410FDF87000F3D097 /* io_bk.jpg */; };
		BA859133110044CB00FCC117 /* io_dn.jpg in Copy "media" into bundle */ = {isa = PBXBuildFile; fileRef = BACBD84510FDF87000F3D097 /* io_dn.jpg */; };
		BA859134110044CB00FCC117 /* io_ft.jpg in Copy "media" into bundle */ = {isa = PBXBuildFile; fileRef = BACBD84610FDF87000F3D097 /* io_ft.jpg */; };
		BA859135110044CB00FCC117 /* io_lf.jpg in Copy "media" into bundle */ = {isa = PBXBuildFile; fileRef = BACBD84710FDF87000F3D097 /* io_lf.jpg */; };
		BA859136110044CB00FCC117 /* io_rt.jpg in Copy "media" into bundle */ = {isa = PBXBuildFile; fileRef = BACBD84810FDF87000F3D097 /* io_rt.jpg */; };
		BA859137110044CB00FCC117 /* io_up.jpg in Copy "media" into bundle */ = {isa = PBXBuildFile; fileRef = BACBD84910FDF87000F3D097 /* io_up.jpg */; };
		BA859138110044CB00FCC117 /* jiggle.3ds in Copy "media" into bundle */ = {isa = PBXBuildFile; fileRef = BACBD84A10FDF87000F3D097 /* jiggle.3ds */; };
		BA859139110044CB00FCC117 /* jiggle_logo.png in Copy "media" into bundle */ = {isa = PBXBuildFile; fileRef = BACBD84B10FDF87000F3D097 /* jiggle_logo.png */; };
		BA85913A110044CB00FCC117 /* newton.3ds in Copy "media" into bundle */ = {isa = PBXBuildFile; fileRef = BACBD84C10FDF87000F3D097 /* newton.3ds */; };
		BA85913B110044CB00FCC117 /* newton_logo.png in Copy "media" into bundle */ = {isa = PBXBuildFile; fileRef = BACBD84D10FDF87000F3D097 /* newton_logo.png */; };
		BA85913C110044CB00FCC117 /* novodex.3ds in Copy "media" into bundle */ = {isa = PBXBuildFile; fileRef = BACBD84E10FDF87000F3D097 /* novodex.3ds */; };
		BA85913D110044CB00FCC117 /* novodex_logo.png in Copy "media" into bundle */ = {isa = PBXBuildFile; fileRef = BACBD84F10FDF87000F3D097 /* novodex_logo.png */; };
		BA85913E110044CB00FCC117 /* ODE.3ds in Copy "media" into bundle */ = {isa = PBXBuildFile; fileRef = BACBD85010FDF87000F3D097 /* ODE.3ds */; };
		BA85913F110044CB00FCC117 /* ode_logo.png in Copy "media" into bundle */ = {isa = PBXBuildFile; fileRef = BACBD85110FDF87000F3D097 /* ode_logo.png */; };
		BA859140110044CB00FCC117 /* palurl.png in Copy "media" into bundle */ = {isa = PBXBuildFile; fileRef = BACBD85210FDF87000F3D097 /* palurl.png */; };
		BA859141110044CB00FCC117 /* pyramidstack.png in Copy "media" into bundle */ = {isa = PBXBuildFile; fileRef = BACBD85310FDF87000F3D097 /* pyramidstack.png */; };
		BA859142110044CB00FCC117 /* restitution.png in Copy "media" into bundle */ = {isa = PBXBuildFile; fileRef = BACBD85410FDF87000F3D097 /* restitution.png */; };
		BA859143110044CB00FCC117 /* sphere.3ds in Copy "media" into bundle */ = {isa = PBXBuildFile; fileRef = BACBD85510FDF87000F3D097 /* sphere.3ds */; };
		BA859144110044CB00FCC117 /* spherestack.png in Copy "media" into bundle */ = {isa = PBXBuildFile; fileRef = BACBD85610FDF87000F3D097 /* spherestack.png */; };
		BA859145110044CB00FCC117 /* spot.TGA in Copy "media" into bundle */ = {isa = PBXBuildFile; fileRef = BACBD85710FDF87000F3D097 /* spot.TGA */; };
		BA859146110044CB00FCC117 /* stackeffort.png in Copy "media" into bundle */ = {isa = PBXBuildFile; fileRef = BACBD85810FDF87000F3D097 /* stackeffort.png */; };
		BA859147110044CB00FCC117 /* staticfriction.png in Copy "media" into bundle */ = {isa = PBXBuildFile; fileRef = BACBD85910FDF87000F3D097 /* staticfriction.png */; };
		BA859148110044CB00FCC117 /* tokamak.3ds in Copy "media" into bundle */ = {isa = PBXBuildFile; fileRef = BACBD85A10FDF87000F3D097 /* tokamak.3ds */; };
		BA859149110044CB00FCC117 /* tokamak_logo.png in Copy "media" into bundle */ = {isa = PBXBuildFile; fileRef = BACBD85B10FDF87000F3D097 /* tokamak_logo.png */; };
		BA85914A110044CB00FCC117 /* trueaxis.3ds in Copy "media" into bundle */ = {isa = PBXBuildFile; fileRef = BACBD85C10FDF87000F3D097 /* trueaxis.3ds */; };
		BA85914B110044CB00FCC117 /* trueaxis_logo.png in Copy "media" into bundle */ = {isa = PBXBuildFile; fileRef = BACBD85D10FDF87000F3D097 /* trueaxis_logo.png */; };
		BACBD8CA10FDF8A600F3D097 /* main.cpp in Sources */ = {isa = PBXBuildFile; fileRef = BACBD89C10FDF8A600F3D097 /* main.cpp */; };
/* End PBXBuildFile section */

/* Begin PBXCopyFilesBuildPhase section */
		002F39FD09D0883400EBEB88 /* Copy Frameworks into .app bundle */ = {
			isa = PBXCopyFilesBuildPhase;
			buildActionMask = 2147483647;
			dstPath = "";
			dstSubfolderSpec = 10;
			files = (
				BA85907511003CDF00FCC117 /* liblibtest.a in Copy Frameworks into .app bundle */,
				BA85907611003CDF00FCC117 /* libpal_bullet.dylib in Copy Frameworks into .app bundle */,
				BA85907711003CDF00FCC117 /* libpal_newton.dylib in Copy Frameworks into .app bundle */,
				BA85907911003CDF00FCC117 /* libpal.a in Copy Frameworks into .app bundle */,
				002F3A0009D0884600EBEB88 /* SDL.framework in Copy Frameworks into .app bundle */,
			);
			name = "Copy Frameworks into .app bundle";
			runOnlyForDeploymentPostprocessing = 0;
		};
		BA859123110044C400FCC117 /* Copy "media" into bundle */ = {
			isa = PBXCopyFilesBuildPhase;
			buildActionMask = 2147483647;
			dstPath = media;
			dstSubfolderSpec = 7;
			files = (
				BA859124110044CB00FCC117 /* Benchmark DemoBETA.png in Copy "media" into bundle */,
				BA859125110044CB00FCC117 /* boxstack.png in Copy "media" into bundle */,
				BA859126110044CB00FCC117 /* bullet.3ds in Copy "media" into bundle */,
				BA859127110044CB00FCC117 /* bullet_logo.png in Copy "media" into bundle */,
				BA859128110044CB00FCC117 /* capsule.3ds in Copy "media" into bundle */,
				BA859129110044CB00FCC117 /* collision100Hz.png in Copy "media" into bundle */,
				BA85912A110044CB00FCC117 /* collision10hz.png in Copy "media" into bundle */,
				BA85912B110044CB00FCC117 /* constraint.png in Copy "media" into bundle */,
				BA85912C110044CB00FCC117 /* constrainterror.png in Copy "media" into bundle */,
				BA85912D110044CB00FCC117 /* constrainttime.png in Copy "media" into bundle */,
				BA85912E110044CB00FCC117 /* cube.3ds in Copy "media" into bundle */,
				BA85912F110044CB00FCC117 /* drop.png in Copy "media" into bundle */,
				BA859130110044CB00FCC117 /* ideal.3ds in Copy "media" into bundle */,
				BA859131110044CB00FCC117 /* integratorerror.png in Copy "media" into bundle */,
				BA859132110044CB00FCC117 /* io_bk.jpg in Copy "media" into bundle */,
				BA859133110044CB00FCC117 /* io_dn.jpg in Copy "media" into bundle */,
				BA859134110044CB00FCC117 /* io_ft.jpg in Copy "media" into bundle */,
				BA859135110044CB00FCC117 /* io_lf.jpg in Copy "media" into bundle */,
				BA859136110044CB00FCC117 /* io_rt.jpg in Copy "media" into bundle */,
				BA859137110044CB00FCC117 /* io_up.jpg in Copy "media" into bundle */,
				BA859138110044CB00FCC117 /* jiggle.3ds in Copy "media" into bundle */,
				BA859139110044CB00FCC117 /* jiggle_logo.png in Copy "media" into bundle */,
				BA85913A110044CB00FCC117 /* newton.3ds in Copy "media" into bundle */,
				BA85913B110044CB00FCC117 /* newton_logo.png in Copy "media" into bundle */,
				BA85913C110044CB00FCC117 /* novodex.3ds in Copy "media" into bundle */,
				BA85913D110044CB00FCC117 /* novodex_logo.png in Copy "media" into bundle */,
				BA85913E110044CB00FCC117 /* ODE.3ds in Copy "media" into bundle */,
				BA85913F110044CB00FCC117 /* ode_logo.png in Copy "media" into bundle */,
				BA859140110044CB00FCC117 /* palurl.png in Copy "media" into bundle */,
				BA859141110044CB00FCC117 /* pyramidstack.png in Copy "media" into bundle */,
				BA859142110044CB00FCC117 /* restitution.png in Copy "media" into bundle */,
				BA859143110044CB00FCC117 /* sphere.3ds in Copy "media" into bundle */,
				BA859144110044CB00FCC117 /* spherestack.png in Copy "media" into bundle */,
				BA859145110044CB00FCC117 /* spot.TGA in Copy "media" into bundle */,
				BA859146110044CB00FCC117 /* stackeffort.png in Copy "media" into bundle */,
				BA859147110044CB00FCC117 /* staticfriction.png in Copy "media" into bundle */,
				BA859148110044CB00FCC117 /* tokamak.3ds in Copy "media" into bundle */,
				BA859149110044CB00FCC117 /* tokamak_logo.png in Copy "media" into bundle */,
				BA85914A110044CB00FCC117 /* trueaxis.3ds in Copy "media" into bundle */,
				BA85914B110044CB00FCC117 /* trueaxis_logo.png in Copy "media" into bundle */,
			);
			name = "Copy \"media\" into bundle";
			runOnlyForDeploymentPostprocessing = 0;
		};
/* End PBXCopyFilesBuildPhase section */

/* Begin PBXFileReference section */
		002F39F909D0881F00EBEB88 /* SDL.framework */ = {isa = PBXFileReference; lastKnownFileType = wrapper.framework; name = SDL.framework; path = /Library/Frameworks/SDL.framework; sourceTree = "<absolute>"; };
		089C165DFE840E0CC02AAC07 /* English */ = {isa = PBXFileReference; fileEncoding = 10; lastKnownFileType = text.plist.strings; name = English; path = English.lproj/InfoPlist.strings; sourceTree = "<group>"; };
		1058C7A1FEA54F0111CA2CBB /* Cocoa.framework */ = {isa = PBXFileReference; lastKnownFileType = wrapper.framework; name = Cocoa.framework; path = /System/Library/Frameworks/Cocoa.framework; sourceTree = "<absolute>"; };
		29B97324FDCFA39411CA2CEA /* AppKit.framework */ = {isa = PBXFileReference; lastKnownFileType = wrapper.framework; name = AppKit.framework; path = /System/Library/Frameworks/AppKit.framework; sourceTree = "<absolute>"; };
		29B97325FDCFA39411CA2CEA /* Foundation.framework */ = {isa = PBXFileReference; lastKnownFileType = wrapper.framework; name = Foundation.framework; path = /System/Library/Frameworks/Foundation.framework; sourceTree = "<absolute>"; };
		32CA4F630368D1EE00C91783 /* PALBenchmark_Prefix.pch */ = {isa = PBXFileReference; fileEncoding = 4; lastKnownFileType = sourcecode.c.h; path = PALBenchmark_Prefix.pch; sourceTree = "<group>"; };
		8D1107310486CEB800E47090 /* Info.plist */ = {isa = PBXFileReference; fileEncoding = 4; lastKnownFileType = text.plist; path = Info.plist; sourceTree = "<group>"; };
		8D1107320486CEB800E47090 /* PALBenchmark.app */ = {isa = PBXFileReference; explicitFileType = wrapper.application; includeInIndex = 0; path = PALBenchmark.app; sourceTree = BUILT_PRODUCTS_DIR; };
		BA2B178711002DD800F7F60B /* bridge_test.h */ = {isa = PBXFileReference; fileEncoding = 4; lastKnownFileType = sourcecode.c.h; path = bridge_test.h; sourceTree = "<group>"; };
		BA2B178811002DD800F7F60B /* collision_test.h */ = {isa = PBXFileReference; fileEncoding = 4; lastKnownFileType = sourcecode.c.h; path = collision_test.h; sourceTree = "<group>"; };
		BA2B178911002DD800F7F60B /* drop_test.h */ = {isa = PBXFileReference; fileEncoding = 4; lastKnownFileType = sourcecode.c.h; path = drop_test.h; sourceTree = "<group>"; };
		BA2B178A11002DD800F7F60B /* pal_test.h */ = {isa = PBXFileReference; fileEncoding = 4; lastKnownFileType = sourcecode.c.h; path = pal_test.h; sourceTree = "<group>"; };
		BA2B178B11002DD800F7F60B /* pal_test_SDL_render.h */ = {isa = PBXFileReference; fileEncoding = 4; lastKnownFileType = sourcecode.c.h; path = pal_test_SDL_render.h; sourceTree = "<group>"; };
		BA2B178C11002DD800F7F60B /* restitution_test.h */ = {isa = PBXFileReference; fileEncoding = 4; lastKnownFileType = sourcecode.c.h; path = restitution_test.h; sourceTree = "<group>"; };
		BA2B178D11002DD800F7F60B /* stack_test.h */ = {isa = PBXFileReference; fileEncoding = 4; lastKnownFileType = sourcecode.c.h; path = stack_test.h; sourceTree = "<group>"; };
		BA69C9CE10FFFCC400DCC565 /* bridge_scene.h */ = {isa = PBXFileReference; fileEncoding = 4; lastKnownFileType = sourcecode.c.h; path = bridge_scene.h; sourceTree = "<group>"; };
		BA69C9CF10FFFCC400DCC565 /* collision_scene.h */ = {isa = PBXFileReference; fileEncoding = 4; lastKnownFileType = sourcecode.c.h; path = collision_scene.h; sourceTree = "<group>"; };
		BA69C9D010FFFCC400DCC565 /* drop_scene.h */ = {isa = PBXFileReference; fileEncoding = 4; lastKnownFileType = sourcecode.c.h; path = drop_scene.h; sourceTree = "<group>"; };
		BA69C9D110FFFCC400DCC565 /* resource.h */ = {isa = PBXFileReference; fileEncoding = 4; lastKnownFileType = sourcecode.c.h; path = resource.h; sourceTree = "<group>"; };
		BA69C9D210FFFCC400DCC565 /* restitution_scene.h */ = {isa = PBXFileReference; fileEncoding = 4; lastKnownFileType = sourcecode.c.h; path = restitution_scene.h; sourceTree = "<group>"; };
		BA69C9D310FFFCC400DCC565 /* stack_ball_scene.h */ = {isa = PBXFileReference; fileEncoding = 4; lastKnownFileType = sourcecode.c.h; path = stack_ball_scene.h; sourceTree = "<group>"; };
		BA69C9D410FFFCC400DCC565 /* stack_scene.h */ = {isa = PBXFileReference; fileEncoding = 4; lastKnownFileType = sourcecode.c.h; path = stack_scene.h; sourceTree = "<group>"; };
		BA858DAC110037B800FCC117 /* liblibtest.a */ = {isa = PBXFileReference; lastKnownFileType = archive.ar; name = liblibtest.a; path = ../../lib/Release/liblibtest.a; sourceTree = SOURCE_ROOT; };
		BA858DAD110037B800FCC117 /* libpal_bullet.dylib */ = {isa = PBXFileReference; lastKnownFileType = "compiled.mach-o.dylib"; name = libpal_bullet.dylib; path = ../../lib/Release/libpal_bullet.dylib; sourceTree = SOURCE_ROOT; };
		BA858DAE110037B800FCC117 /* libpal_newton.dylib */ = {isa = PBXFileReference; lastKnownFileType = "compiled.mach-o.dylib"; name = libpal_newton.dylib; path = ../../lib/Release/libpal_newton.dylib; sourceTree = SOURCE_ROOT; };
		BA858DB0110037B800FCC117 /* libpal.a */ = {isa = PBXFileReference; lastKnownFileType = archive.ar; name = libpal.a; path = ../../lib/Release/libpal.a; sourceTree = SOURCE_ROOT; };
		BA858DEC110039AB00FCC117 /* libIrrlicht.a */ = {isa = PBXFileReference; lastKnownFileType = archive.ar; name = libIrrlicht.a; path = "../../../irrlicht-1.6/source/Irrlicht/MacOSX/build/Release/libIrrlicht.a"; sourceTree = SOURCE_ROOT; };
		BA858DF2110039CF00FCC117 /* OpenGL.framework */ = {isa = PBXFileReference; lastKnownFileType = wrapper.framework; name = OpenGL.framework; path = System/Library/Frameworks/OpenGL.framework; sourceTree = SDKROOT; };
		BA858ED011003B0400FCC117 /* Carbon.framework */ = {isa = PBXFileReference; lastKnownFileType = wrapper.framework; name = Carbon.framework; path = System/Library/Frameworks/Carbon.framework; sourceTree = SDKROOT; };
		BA858FA911003B5D00FCC117 /* IOKit.framework */ = {isa = PBXFileReference; lastKnownFileType = wrapper.framework; name = IOKit.framework; path = System/Library/Frameworks/IOKit.framework; sourceTree = SDKROOT; };
		BA8592BE11004F6800FCC117 /* strings.h */ = {isa = PBXFileReference; fileEncoding = 4; lastKnownFileType = sourcecode.c.h; path = strings.h; sourceTree = "<group>"; };
		BABAB3141101EAAA009DEE96 /* dialog.h */ = {isa = PBXFileReference; fileEncoding = 4; lastKnownFileType = sourcecode.c.h; path = dialog.h; sourceTree = "<group>"; };
		BACBD83610FDF87000F3D097 /* Benchmark DemoBETA.png */ = {isa = PBXFileReference; lastKnownFileType = image.png; path = "Benchmark DemoBETA.png"; sourceTree = "<group>"; };
		BACBD83710FDF87000F3D097 /* boxstack.png */ = {isa = PBXFileReference; lastKnownFileType = image.png; path = boxstack.png; sourceTree = "<group>"; };
		BACBD83810FDF87000F3D097 /* bullet.3ds */ = {isa = PBXFileReference; lastKnownFileType = file; path = bullet.3ds; sourceTree = "<group>"; };
		BACBD83910FDF87000F3D097 /* bullet_logo.png */ = {isa = PBXFileReference; lastKnownFileType = image.png; path = bullet_logo.png; sourceTree = "<group>"; };
		BACBD83A10FDF87000F3D097 /* capsule.3ds */ = {isa = PBXFileReference; lastKnownFileType = file; path = capsule.3ds; sourceTree = "<group>"; };
		BACBD83B10FDF87000F3D097 /* collision100Hz.png */ = {isa = PBXFileReference; lastKnownFileType = image.png; path = collision100Hz.png; sourceTree = "<group>"; };
		BACBD83C10FDF87000F3D097 /* collision10hz.png */ = {isa = PBXFileReference; lastKnownFileType = image.png; path = collision10hz.png; sourceTree = "<group>"; };
		BACBD83D10FDF87000F3D097 /* constraint.png */ = {isa = PBXFileReference; lastKnownFileType = image.png; path = constraint.png; sourceTree = "<group>"; };
		BACBD83E10FDF87000F3D097 /* constrainterror.png */ = {isa = PBXFileReference; lastKnownFileType = image.png; path = constrainterror.png; sourceTree = "<group>"; };
		BACBD83F10FDF87000F3D097 /* constrainttime.png */ = {isa = PBXFileReference; lastKnownFileType = image.png; path = constrainttime.png; sourceTree = "<group>"; };
		BACBD84010FDF87000F3D097 /* cube.3ds */ = {isa = PBXFileReference; lastKnownFileType = file; path = cube.3ds; sourceTree = "<group>"; };
		BACBD84110FDF87000F3D097 /* drop.png */ = {isa = PBXFileReference; lastKnownFileType = image.png; path = drop.png; sourceTree = "<group>"; };
		BACBD84210FDF87000F3D097 /* ideal.3ds */ = {isa = PBXFileReference; lastKnownFileType = file; path = ideal.3ds; sourceTree = "<group>"; };
		BACBD84310FDF87000F3D097 /* integratorerror.png */ = {isa = PBXFileReference; lastKnownFileType = image.png; path = integratorerror.png; sourceTree = "<group>"; };
		BACBD84410FDF87000F3D097 /* io_bk.jpg */ = {isa = PBXFileReference; lastKnownFileType = image.jpeg; path = io_bk.jpg; sourceTree = "<group>"; };
		BACBD84510FDF87000F3D097 /* io_dn.jpg */ = {isa = PBXFileReference; lastKnownFileType = image.jpeg; path = io_dn.jpg; sourceTree = "<group>"; };
		BACBD84610FDF87000F3D097 /* io_ft.jpg */ = {isa = PBXFileReference; lastKnownFileType = image.jpeg; path = io_ft.jpg; sourceTree = "<group>"; };
		BACBD84710FDF87000F3D097 /* io_lf.jpg */ = {isa = PBXFileReference; lastKnownFileType = image.jpeg; path = io_lf.jpg; sourceTree = "<group>"; };
		BACBD84810FDF87000F3D097 /* io_rt.jpg */ = {isa = PBXFileReference; lastKnownFileType = image.jpeg; path = io_rt.jpg; sourceTree = "<group>"; };
		BACBD84910FDF87000F3D097 /* io_up.jpg */ = {isa = PBXFileReference; lastKnownFileType = image.jpeg; path = io_up.jpg; sourceTree = "<group>"; };
		BACBD84A10FDF87000F3D097 /* jiggle.3ds */ = {isa = PBXFileReference; lastKnownFileType = file; path = jiggle.3ds; sourceTree = "<group>"; };
		BACBD84B10FDF87000F3D097 /* jiggle_logo.png */ = {isa = PBXFileReference; lastKnownFileType = image.png; path = jiggle_logo.png; sourceTree = "<group>"; };
		BACBD84C10FDF87000F3D097 /* newton.3ds */ = {isa = PBXFileReference; lastKnownFileType = file; path = newton.3ds; sourceTree = "<group>"; };
		BACBD84D10FDF87000F3D097 /* newton_logo.png */ = {isa = PBXFileReference; lastKnownFileType = image.png; path = newton_logo.png; sourceTree = "<group>"; };
		BACBD84E10FDF87000F3D097 /* novodex.3ds */ = {isa = PBXFileReference; lastKnownFileType = file; path = novodex.3ds; sourceTree = "<group>"; };
		BACBD84F10FDF87000F3D097 /* novodex_logo.png */ = {isa = PBXFileReference; lastKnownFileType = image.png; path = novodex_logo.png; sourceTree = "<group>"; };
		BACBD85010FDF87000F3D097 /* ODE.3ds */ = {isa = PBXFileReference; lastKnownFileType = file; path = ODE.3ds; sourceTree = "<group>"; };
		BACBD85110FDF87000F3D097 /* ode_logo.png */ = {isa = PBXFileReference; lastKnownFileType = image.png; path = ode_logo.png; sourceTree = "<group>"; };
		BACBD85210FDF87000F3D097 /* palurl.png */ = {isa = PBXFileReference; lastKnownFileType = image.png; path = palurl.png; sourceTree = "<group>"; };
		BACBD85310FDF87000F3D097 /* pyramidstack.png */ = {isa = PBXFileReference; lastKnownFileType = image.png; path = pyramidstack.png; sourceTree = "<group>"; };
		BACBD85410FDF87000F3D097 /* restitution.png */ = {isa = PBXFileReference; lastKnownFileType = image.png; path = restitution.png; sourceTree = "<group>"; };
		BACBD85510FDF87000F3D097 /* sphere.3ds */ = {isa = PBXFileReference; lastKnownFileType = file; path = sphere.3ds; sourceTree = "<group>"; };
		BACBD85610FDF87000F3D097 /* spherestack.png */ = {isa = PBXFileReference; lastKnownFileType = image.png; path = spherestack.png; sourceTree = "<group>"; };
		BACBD85710FDF87000F3D097 /* spot.TGA */ = {isa = PBXFileReference; lastKnownFileType = file; path = spot.TGA; sourceTree = "<group>"; };
		BACBD85810FDF87000F3D097 /* stackeffort.png */ = {isa = PBXFileReference; lastKnownFileType = image.png; path = stackeffort.png; sourceTree = "<group>"; };
		BACBD85910FDF87000F3D097 /* staticfriction.png */ = {isa = PBXFileReference; lastKnownFileType = image.png; path = staticfriction.png; sourceTree = "<group>"; };
		BACBD85A10FDF87000F3D097 /* tokamak.3ds */ = {isa = PBXFileReference; lastKnownFileType = file; path = tokamak.3ds; sourceTree = "<group>"; };
		BACBD85B10FDF87000F3D097 /* tokamak_logo.png */ = {isa = PBXFileReference; lastKnownFileType = image.png; path = tokamak_logo.png; sourceTree = "<group>"; };
		BACBD85C10FDF87000F3D097 /* trueaxis.3ds */ = {isa = PBXFileReference; lastKnownFileType = file; path = trueaxis.3ds; sourceTree = "<group>"; };
		BACBD85D10FDF87000F3D097 /* trueaxis_logo.png */ = {isa = PBXFileReference; lastKnownFileType = image.png; path = trueaxis_logo.png; sourceTree = "<group>"; };
		BACBD89B10FDF8A600F3D097 /* graph.h */ = {isa = PBXFileReference; fileEncoding = 4; lastKnownFileType = sourcecode.c.h; path = graph.h; sourceTree = "<group>"; };
		BACBD89C10FDF8A600F3D097 /* main.cpp */ = {isa = PBXFileReference; fileEncoding = 4; lastKnownFileType = sourcecode.cpp.cpp; path = main.cpp; sourceTree = "<group>"; };
		BACBD89D10FDF8A600F3D097 /* main.h */ = {isa = PBXFileReference; fileEncoding = 4; lastKnownFileType = sourcecode.c.h; path = main.h; sourceTree = "<group>"; };
		BACBD8A110FDF8A600F3D097 /* paltest.h */ = {isa = PBXFileReference; fileEncoding = 4; lastKnownFileType = sourcecode.c.h; path = paltest.h; sourceTree = "<group>"; };
		BACBD8A610FDF8A600F3D097 /* standard_scenes.h */ = {isa = PBXFileReference; fileEncoding = 4; lastKnownFileType = sourcecode.c.h; path = standard_scenes.h; sourceTree = "<group>"; };
/* End PBXFileReference section */

/* Begin PBXFrameworksBuildPhase section */
		8D11072E0486CEB800E47090 /* Frameworks */ = {
			isa = PBXFrameworksBuildPhase;
			buildActionMask = 2147483647;
			files = (
				002F39FA09D0881F00EBEB88 /* SDL.framework in Frameworks */,
				8D11072F0486CEB800E47090 /* Cocoa.framework in Frameworks */,
				BA858DB1110037B800FCC117 /* liblibtest.a in Frameworks */,
				BA858DB2110037B800FCC117 /* libpal_bullet.dylib in Frameworks */,
				BA858DB3110037B800FCC117 /* libpal_newton.dylib in Frameworks */,
				BA858DB5110037B800FCC117 /* libpal.a in Frameworks */,
				BA858DED110039AB00FCC117 /* libIrrlicht.a in Frameworks */,
				BA858DF3110039CF00FCC117 /* OpenGL.framework in Frameworks */,
				BA858ED111003B0400FCC117 /* Carbon.framework in Frameworks */,
				BA858FAA11003B5D00FCC117 /* IOKit.framework in Frameworks */,
			);
			runOnlyForDeploymentPostprocessing = 0;
		};
/* End PBXFrameworksBuildPhase section */

/* Begin PBXGroup section */
		080E96DDFE201D6D7F000001 /* Classes */ = {
			isa = PBXGroup;
			children = (
				BACBD89710FDF8A600F3D097 /* palDemoMark */,
			);
			name = Classes;
			sourceTree = "<group>";
		};
		1058C7A0FEA54F0111CA2CBB /* Linked Frameworks */ = {
			isa = PBXGroup;
			children = (
				002F39F909D0881F00EBEB88 /* SDL.framework */,
				1058C7A1FEA54F0111CA2CBB /* Cocoa.framework */,
			);
			name = "Linked Frameworks";
			sourceTree = "<group>";
		};
		1058C7A2FEA54F0111CA2CBB /* Other Frameworks */ = {
			isa = PBXGroup;
			children = (
				29B97324FDCFA39411CA2CEA /* AppKit.framework */,
				29B97325FDCFA39411CA2CEA /* Foundation.framework */,
			);
			name = "Other Frameworks";
			sourceTree = "<group>";
		};
		19C28FACFE9D520D11CA2CBB /* Products */ = {
			isa = PBXGroup;
			children = (
				8D1107320486CEB800E47090 /* PALBenchmark.app */,
			);
			name = Products;
			sourceTree = "<group>";
		};
		29B97314FDCFA39411CA2CEA /* PALBenchmark */ = {
			isa = PBXGroup;
			children = (
				080E96DDFE201D6D7F000001 /* Classes */,
				29B97315FDCFA39411CA2CEA /* Other Sources */,
				29B97317FDCFA39411CA2CEA /* Resources */,
				29B97323FDCFA39411CA2CEA /* Frameworks */,
				19C28FACFE9D520D11CA2CBB /* Products */,
			);
			name = PALBenchmark;
			sourceTree = "<group>";
		};
		29B97315FDCFA39411CA2CEA /* Other Sources */ = {
			isa = PBXGroup;
			children = (
				32CA4F630368D1EE00C91783 /* PALBenchmark_Prefix.pch */,
			);
			name = "Other Sources";
			sourceTree = "<group>";
		};
		29B97317FDCFA39411CA2CEA /* Resources */ = {
			isa = PBXGroup;
			children = (
				BACBD83510FDF87000F3D097 /* media */,
				8D1107310486CEB800E47090 /* Info.plist */,
				089C165CFE840E0CC02AAC07 /* InfoPlist.strings */,
			);
			name = Resources;
			sourceTree = "<group>";
		};
		29B97323FDCFA39411CA2CEA /* Frameworks */ = {
			isa = PBXGroup;
			children = (
				BA858DF1110039C000FCC117 /* Irrlicht */,
				BA858DBA110037C900FCC117 /* PAL Release Libraries */,
				1058C7A0FEA54F0111CA2CBB /* Linked Frameworks */,
				1058C7A2FEA54F0111CA2CBB /* Other Frameworks */,
			);
			name = Frameworks;
			sourceTree = "<group>";
		};
		BA2B178611002DD800F7F60B /* test_classes */ = {
			isa = PBXGroup;
			children = (
				BA2B178711002DD800F7F60B /* bridge_test.h */,
				BA2B178811002DD800F7F60B /* collision_test.h */,
				BA2B178911002DD800F7F60B /* drop_test.h */,
				BA2B178A11002DD800F7F60B /* pal_test.h */,
				BA2B178B11002DD800F7F60B /* pal_test_SDL_render.h */,
				BA2B178C11002DD800F7F60B /* restitution_test.h */,
				BA2B178D11002DD800F7F60B /* stack_test.h */,
			);
			name = test_classes;
			path = ../test_classes;
			sourceTree = SOURCE_ROOT;
		};
		BA858DBA110037C900FCC117 /* PAL Release Libraries */ = {
			isa = PBXGroup;
			children = (
				BA858DAC110037B800FCC117 /* liblibtest.a */,
				BA858DAD110037B800FCC117 /* libpal_bullet.dylib */,
				BA858DAE110037B800FCC117 /* libpal_newton.dylib */,
				BA858DB0110037B800FCC117 /* libpal.a */,
			);
			name = "PAL Release Libraries";
			sourceTree = "<group>";
		};
		BA858DF1110039C000FCC117 /* Irrlicht */ = {
			isa = PBXGroup;
			children = (
				BA858DEC110039AB00FCC117 /* libIrrlicht.a */,
				BA858FA911003B5D00FCC117 /* IOKit.framework */,
				BA858ED011003B0400FCC117 /* Carbon.framework */,
				BA858DF2110039CF00FCC117 /* OpenGL.framework */,
			);
			name = Irrlicht;
			sourceTree = "<group>";
		};
		BABAB3121101EA97009DEE96 /* Dialogs */ = {
			isa = PBXGroup;
			children = (
				BABAB3141101EAAA009DEE96 /* dialog.h */,
				BA8592BE11004F6800FCC117 /* strings.h */,
			);
			name = Dialogs;
			sourceTree = "<group>";
		};
		BAC9846310FECB7200933FA6 /* Source Files */ = {
			isa = PBXGroup;
			children = (
				BABAB3121101EA97009DEE96 /* Dialogs */,
				BACBD89D10FDF8A600F3D097 /* main.h */,
				BACBD89C10FDF8A600F3D097 /* main.cpp */,
				BACBD89B10FDF8A600F3D097 /* graph.h */,
				BACBD8A110FDF8A600F3D097 /* paltest.h */,
				BACBD8A610FDF8A600F3D097 /* standard_scenes.h */,
				BA69C9CE10FFFCC400DCC565 /* bridge_scene.h */,
				BA69C9CF10FFFCC400DCC565 /* collision_scene.h */,
				BA69C9D010FFFCC400DCC565 /* drop_scene.h */,
				BA69C9D110FFFCC400DCC565 /* resource.h */,
				BA69C9D210FFFCC400DCC565 /* restitution_scene.h */,
				BA69C9D310FFFCC400DCC565 /* stack_ball_scene.h */,
				BA69C9D410FFFCC400DCC565 /* stack_scene.h */,
			);
			name = "Source Files";
			sourceTree = "<group>";
		};
		BACBD83510FDF87000F3D097 /* media */ = {
			isa = PBXGroup;
			children = (
				BACBD83610FDF87000F3D097 /* Benchmark DemoBETA.png */,
				BACBD83710FDF87000F3D097 /* boxstack.png */,
				BACBD83810FDF87000F3D097 /* bullet.3ds */,
				BACBD83910FDF87000F3D097 /* bullet_logo.png */,
				BACBD83A10FDF87000F3D097 /* capsule.3ds */,
				BACBD83B10FDF87000F3D097 /* collision100Hz.png */,
				BACBD83C10FDF87000F3D097 /* collision10hz.png */,
				BACBD83D10FDF87000F3D097 /* constraint.png */,
				BACBD83E10FDF87000F3D097 /* constrainterror.png */,
				BACBD83F10FDF87000F3D097 /* constrainttime.png */,
				BACBD84010FDF87000F3D097 /* cube.3ds */,
				BACBD84110FDF87000F3D097 /* drop.png */,
				BACBD84210FDF87000F3D097 /* ideal.3ds */,
				BACBD84310FDF87000F3D097 /* integratorerror.png */,
				BACBD84410FDF87000F3D097 /* io_bk.jpg */,
				BACBD84510FDF87000F3D097 /* io_dn.jpg */,
				BACBD84610FDF87000F3D097 /* io_ft.jpg */,
				BACBD84710FDF87000F3D097 /* io_lf.jpg */,
				BACBD84810FDF87000F3D097 /* io_rt.jpg */,
				BACBD84910FDF87000F3D097 /* io_up.jpg */,
				BACBD84A10FDF87000F3D097 /* jiggle.3ds */,
				BACBD84B10FDF87000F3D097 /* jiggle_logo.png */,
				BACBD84C10FDF87000F3D097 /* newton.3ds */,
				BACBD84D10FDF87000F3D097 /* newton_logo.png */,
				BACBD84E10FDF87000F3D097 /* novodex.3ds */,
				BACBD84F10FDF87000F3D097 /* novodex_logo.png */,
				BACBD85010FDF87000F3D097 /* ODE.3ds */,
				BACBD85110FDF87000F3D097 /* ode_logo.png */,
				BACBD85210FDF87000F3D097 /* palurl.png */,
				BACBD85310FDF87000F3D097 /* pyramidstack.png */,
				BACBD85410FDF87000F3D097 /* restitution.png */,
				BACBD85510FDF87000F3D097 /* sphere.3ds */,
				BACBD85610FDF87000F3D097 /* spherestack.png */,
				BACBD85710FDF87000F3D097 /* spot.TGA */,
				BACBD85810FDF87000F3D097 /* stackeffort.png */,
				BACBD85910FDF87000F3D097 /* staticfriction.png */,
				BACBD85A10FDF87000F3D097 /* tokamak.3ds */,
				BACBD85B10FDF87000F3D097 /* tokamak_logo.png */,
				BACBD85C10FDF87000F3D097 /* trueaxis.3ds */,
				BACBD85D10FDF87000F3D097 /* trueaxis_logo.png */,
			);
			name = media;
			path = ../media;
			sourceTree = SOURCE_ROOT;
		};
		BACBD89710FDF8A600F3D097 /* palDemoMark */ = {
			isa = PBXGroup;
			children = (
				BAC9846310FECB7200933FA6 /* Source Files */,
				BA2B178611002DD800F7F60B /* test_classes */,
			);
			name = palDemoMark;
			path = ../palDemoMark;
			sourceTree = SOURCE_ROOT;
		};
/* End PBXGroup section */

/* Begin PBXNativeTarget section */
		8D1107260486CEB800E47090 /* PALBenchmark */ = {
			isa = PBXNativeTarget;
			buildConfigurationList = C01FCF4A08A954540054247B /* Build configuration list for PBXNativeTarget "PALBenchmark" */;
			buildPhases = (
				8D1107290486CEB800E47090 /* Resources */,
				8D11072C0486CEB800E47090 /* Sources */,
				8D11072E0486CEB800E47090 /* Frameworks */,
				002F39FD09D0883400EBEB88 /* Copy Frameworks into .app bundle */,
				BA859123110044C400FCC117 /* Copy "media" into bundle */,
			);
			buildRules = (
			);
			dependencies = (
			);
			name = PALBenchmark;
			productInstallPath = "$(HOME)/Applications";
			productName = PALBenchmark;
			productReference = 8D1107320486CEB800E47090 /* PALBenchmark.app */;
			productType = "com.apple.product-type.application";
		};
/* End PBXNativeTarget section */

/* Begin PBXProject section */
		29B97313FDCFA39411CA2CEA /* Project object */ = {
			isa = PBXProject;
			buildConfigurationList = C01FCF4E08A954540054247B /* Build configuration list for PBXProject "PALBenchmark" */;
			compatibilityVersion = "Xcode 2.4";
			hasScannedForEncodings = 1;
			mainGroup = 29B97314FDCFA39411CA2CEA /* PALBenchmark */;
			projectDirPath = "";
			projectRoot = "";
			targets = (
				8D1107260486CEB800E47090 /* PALBenchmark */,
			);
		};
/* End PBXProject section */

/* Begin PBXResourcesBuildPhase section */
		8D1107290486CEB800E47090 /* Resources */ = {
			isa = PBXResourcesBuildPhase;
			buildActionMask = 2147483647;
			files = (
				8D11072B0486CEB800E47090 /* InfoPlist.strings in Resources */,
			);
			runOnlyForDeploymentPostprocessing = 0;
		};
/* End PBXResourcesBuildPhase section */

/* Begin PBXSourcesBuildPhase section */
		8D11072C0486CEB800E47090 /* Sources */ = {
			isa = PBXSourcesBuildPhase;
			buildActionMask = 2147483647;
			files = (
				BACBD8CA10FDF8A600F3D097 /* main.cpp in Sources */,
			);
			runOnlyForDeploymentPostprocessing = 0;
		};
/* End PBXSourcesBuildPhase section */

/* Begin PBXVariantGroup section */
		089C165CFE840E0CC02AAC07 /* InfoPlist.strings */ = {
			isa = PBXVariantGroup;
			children = (
				089C165DFE840E0CC02AAC07 /* English */,
			);
			name = InfoPlist.strings;
			sourceTree = "<group>";
		};
/* End PBXVariantGroup section */

/* Begin XCBuildConfiguration section */
		C01FCF4B08A954540054247B /* Debug */ = {
			isa = XCBuildConfiguration;
			buildSettings = {
				COPY_PHASE_STRIP = NO;
				GCC_DYNAMIC_NO_PIC = NO;
				GCC_ENABLE_FIX_AND_CONTINUE = YES;
				GCC_MODEL_TUNING = G5;
				GCC_OPTIMIZATION_LEVEL = 0;
				INFOPLIST_FILE = Info.plist;
				INSTALL_PATH = "$(HOME)/Applications";
				LIBRARY_SEARCH_PATHS = (
					"$(inherited)",
					"$(LIBRARY_SEARCH_PATHS_QUOTED_FOR_TARGET_1)",
					"$(LIBRARY_SEARCH_PATHS_QUOTED_FOR_TARGET_2)",
					"$(LIBRARY_SEARCH_PATHS_QUOTED_FOR_TARGET_3)",
				);
				LIBRARY_SEARCH_PATHS_QUOTED_FOR_TARGET_1 = "\"$(SRCROOT)/../../lib/Release\"";
				LIBRARY_SEARCH_PATHS_QUOTED_FOR_TARGET_2 = "\"$(SRCROOT)/../../../irrlicht-1.6/source/Irrlicht/MacOSX/build/Release\"";
				LIBRARY_SEARCH_PATHS_QUOTED_FOR_TARGET_3 = "\"$(SRCROOT)/../../../ode-0.11.1/lib/ReleaseSingleDLL\"";
				PRODUCT_NAME = PALBenchmark;
				WRAPPER_EXTENSION = app;
				ZERO_LINK = YES;
			};
			name = Debug;
		};
		C01FCF4C08A954540054247B /* Release */ = {
			isa = XCBuildConfiguration;
			buildSettings = {
				ARCHS = i386;
				GCC_GENERATE_DEBUGGING_SYMBOLS = NO;
				GCC_MODEL_TUNING = G5;
				INFOPLIST_FILE = Info.plist;
				INSTALL_PATH = "$(HOME)/Applications";
				LIBRARY_SEARCH_PATHS = (
					"$(inherited)",
					"$(LIBRARY_SEARCH_PATHS_QUOTED_FOR_TARGET_1)",
					"$(LIBRARY_SEARCH_PATHS_QUOTED_FOR_TARGET_2)",
					"$(LIBRARY_SEARCH_PATHS_QUOTED_FOR_TARGET_3)",
				);
				LIBRARY_SEARCH_PATHS_QUOTED_FOR_TARGET_1 = "\"$(SRCROOT)/../../lib/Release\"";
				LIBRARY_SEARCH_PATHS_QUOTED_FOR_TARGET_2 = "\"$(SRCROOT)/../../../irrlicht-1.6/source/Irrlicht/MacOSX/build/Release\"";
				LIBRARY_SEARCH_PATHS_QUOTED_FOR_TARGET_3 = "\"$(SRCROOT)/../../../ode-0.11.1/lib/ReleaseSingleDLL\"";
				PRODUCT_NAME = PALBenchmark;
				WRAPPER_EXTENSION = app;
			};
			name = Release;
		};
		C01FCF4F08A954540054247B /* Debug */ = {
			isa = XCBuildConfiguration;
			buildSettings = {
				ARCHS = "$(ONLY_ACTIVE_ARCH_PRE_XCODE_3_1)";
				FRAMEWORK_SEARCH_PATHS = (
					"$(HOME)/Library/Frameworks",
					/Library/Frameworks,
					"$(FRAMEWORK_SEARCH_PATHS)",
				);
				GCC_WARN_ABOUT_RETURN_TYPE = YES;
				GCC_WARN_UNUSED_VARIABLE = YES;
				HEADER_SEARCH_PATHS = (
					"$(HOME)/Library/Frameworks/SDL.framework/Headers",
					/Library/Frameworks/SDL.framework/Headers,
					"$(HEADER_SEARCH_PATHS)",
					"/lib/irrlicht-1.6/include",
					/lib/PAL/pal,
					/lib/PAL,
				);
				LIBRARY_SEARCH_PATHS = /lib/PAL/lib/DEBUG;
				ONLY_ACTIVE_ARCH_PRE_XCODE_3_1 = "$(NATIVE_ARCH)";
				PREBINDING = NO;
				SDKROOT = /Developer/SDKs/MacOSX10.5.sdk;
			};
			name = Debug;
		};
		C01FCF5008A954540054247B /* Release */ = {
			isa = XCBuildConfiguration;
			buildSettings = {
				ARCHS = "$(ONLY_ACTIVE_ARCH_PRE_XCODE_3_1)";
				FRAMEWORK_SEARCH_PATHS = (
					"$(HOME)/Library/Frameworks",
					/Library/Frameworks,
					"$(FRAMEWORK_SEARCH_PATHS)",
				);
				GCC_C_LANGUAGE_STANDARD = c99;
				GCC_VERSION = 4.2;
				GCC_WARN_ABOUT_RETURN_TYPE = YES;
				GCC_WARN_UNUSED_VARIABLE = YES;
				HEADER_SEARCH_PATHS = (
					"$(HOME)/Library/Frameworks/SDL.framework/Headers",
					/Library/Frameworks/SDL.framework/Headers,
					"$(HEADER_SEARCH_PATHS)",
					"/lib/irrlicht-1.6/include",
					/lib/PAL/pal,
					/lib/PAL,
				);
				LIBRARY_SEARCH_PATHS = /lib/PAL/lib/Release;
				ONLY_ACTIVE_ARCH_PRE_XCODE_3_1 = "$(NATIVE_ARCH)";
				PREBINDING = NO;
				SDKROOT = /Developer/SDKs/MacOSX10.5.sdk;
			};
			name = Release;
		};
/* End XCBuildConfiguration section */

/* Begin XCConfigurationList section */
		C01FCF4A08A954540054247B /* Build configuration list for PBXNativeTarget "PALBenchmark" */ = {
			isa = XCConfigurationList;
			buildConfigurations = (
				C01FCF4B08A954540054247B /* Debug */,
				C01FCF4C08A954540054247B /* Release */,
			);
			defaultConfigurationIsVisible = 0;
			defaultConfigurationName = Release;
		};
		C01FCF4E08A954540054247B /* Build configuration list for PBXProject "PALBenchmark" */ = {
			isa = XCConfigurationList;
			buildConfigurations = (
				C01FCF4F08A954540054247B /* Debug */,
				C01FCF5008A954540054247B /* Release */,
			);
			defaultConfigurationIsVisible = 0;
			defaultConfigurationName = Release;
		};
/* End XCConfigurationList section */
	};
	rootObject = 29B97313FDCFA39411CA2CEA /* Project object */;
}
